
Microsoft Visual Studio Solution File, Format Version 12.00
# Visual Studio Version 16
VisualStudioVersion = 16.0.29728.190
MinimumVisualStudioVersion = 10.0.40219.1
Project("{FAE04EC0-301F-11D3-BF4B-00C04F79EFBC}") = "cache_redis", "cache_redis\cache_redis.csproj", "{09466270-93CC-4D65-ACDD-D8088225CE96}"
EndProject
Project("{2150E333-8FDC-42A3-9474-1A3956D46DE8}") = "Solution Items", "Solution Items", "{D0E81EA4-41C8-4954-9AD2-3F46C0D8E83D}"
	ProjectSection(SolutionItems) = preProject
		build\lib.js = build\lib.js
		ReadMe.txt = ReadMe.txt
		build\valid.js = build\valid.js
	EndProjectSection
EndProject
Project("{FAE04EC0-301F-11D3-BF4B-00C04F79EFBC}") = "studio-redis", "studio-redis\studio-redis.csproj", "{E03EBA0B-00A6-4EF0-A976-B344AB22FE41}"
EndProject
Project("{2150E333-8FDC-42A3-9474-1A3956D46DE8}") = "schema", "schema", "{DF6B3354-D865-4AD5-B9C5-3643AEF28E4F}"
	ProjectSection(SolutionItems) = preProject
		build\schema\AREA.json = build\schema\AREA.json
		build\schema\ASSET_TYPE.json = build\schema\ASSET_TYPE.json
		build\schema\CHANNEL.json = build\schema\CHANNEL.json
		build\schema\CUSTOMER.json = build\schema\CUSTOMER.json
		build\schema\GROUP.json = build\schema\GROUP.json
		build\schema\NOTIFY.json = build\schema\NOTIFY.json
		build\schema\PAWN.json = build\schema\PAWN.json
		build\schema\PAWN_DETAIL.json = build\schema\PAWN_DETAIL.json
		build\schema\PRIORITY.json = build\schema\PRIORITY.json
		build\schema\PROCESS.json = build\schema\PROCESS.json
		build\schema\REASON_FAIL.json = build\schema\REASON_FAIL.json
		build\schema\REGION.json = build\schema\REGION.json
		build\schema\SHOP.json = build\schema\SHOP.json
		build\schema\STEP.json = build\schema\STEP.json
		build\schema\SUPPORT_SCHEDULE.json = build\schema\SUPPORT_SCHEDULE.json
		build\schema\SYS_CONFIG.json = build\schema\SYS_CONFIG.json
		build\schema\SYS_EMAIL.json = build\schema\SYS_EMAIL.json
		build\schema\SYS_SMS.json = build\schema\SYS_SMS.json
		build\schema\USER.json = build\schema\USER.json
	EndProjectSection
EndProject
Project("{2150E333-8FDC-42A3-9474-1A3956D46DE8}") = "dbs", "dbs", "{526E5744-0290-4DC1-99DE-70AEB49D2190}"
	ProjectSection(SolutionItems) = preProject
		build\dbs\user_addnew.sql = build\dbs\user_addnew.sql
	EndProjectSection
EndProject
Project("{2150E333-8FDC-42A3-9474-1A3956D46DE8}") = "valid_add", "valid_add", "{0291B1FB-0193-4A61-97C4-486579CA90A3}"
	ProjectSection(SolutionItems) = preProject
		build\valid_add\CUSTOMER.json = build\valid_add\CUSTOMER.json
		build\valid_add\PAWN.json = build\valid_add\PAWN.json
		build\valid_add\USER.json = build\valid_add\USER.json
	EndProjectSection
EndProject
Project("{FAE04EC0-301F-11D3-BF4B-00C04F79EFBC}") = "cachekv", "cachekv\cachekv.csproj", "{C2CDF473-BFC2-4C84-94A1-141D60041BCA}"
EndProject
Project("{FAE04EC0-301F-11D3-BF4B-00C04F79EFBC}") = "ckv", "ckv\ckv.csproj", "{1A1630AC-4ACD-40F0-8714-EC45D1734EC9}"
EndProject
Project("{FAE04EC0-301F-11D3-BF4B-00C04F79EFBC}") = "ckv4", "ckv4\ckv4.csproj", "{9E477D2F-2334-4689-B841-031B2A782E8B}"
EndProject
Project("{FAE04EC0-301F-11D3-BF4B-00C04F79EFBC}") = "ckv_aspnet", "ckv_aspnet\ckv_aspnet.csproj", "{F4E9498D-ED1B-4CF4-9AA7-BD74307421BC}"
EndProject
Project("{FAE04EC0-301F-11D3-BF4B-00C04F79EFBC}") = "ckv_lib", "ckv_lib\ckv_lib.csproj", "{0C5F8D48-0C51-42D8-BBB2-EBFC43EB6350}"
EndProject
Global
	GlobalSection(SolutionConfigurationPlatforms) = preSolution
		Debug|Any CPU = Debug|Any CPU
		Debug|x64 = Debug|x64
		Release|Any CPU = Release|Any CPU
		Release|x64 = Release|x64
	EndGlobalSection
	GlobalSection(ProjectConfigurationPlatforms) = postSolution
		{09466270-93CC-4D65-ACDD-D8088225CE96}.Debug|Any CPU.ActiveCfg = Debug|Any CPU
		{09466270-93CC-4D65-ACDD-D8088225CE96}.Debug|Any CPU.Build.0 = Debug|Any CPU
		{09466270-93CC-4D65-ACDD-D8088225CE96}.Debug|x64.ActiveCfg = Debug|x64
		{09466270-93CC-4D65-ACDD-D8088225CE96}.Debug|x64.Build.0 = Debug|x64
		{09466270-93CC-4D65-ACDD-D8088225CE96}.Release|Any CPU.ActiveCfg = Release|Any CPU
		{09466270-93CC-4D65-ACDD-D8088225CE96}.Release|Any CPU.Build.0 = Release|Any CPU
		{09466270-93CC-4D65-ACDD-D8088225CE96}.Release|x64.ActiveCfg = Release|x64
		{09466270-93CC-4D65-ACDD-D8088225CE96}.Release|x64.Build.0 = Release|x64
		{E03EBA0B-00A6-4EF0-A976-B344AB22FE41}.Debug|Any CPU.ActiveCfg = Debug|Any CPU
		{E03EBA0B-00A6-4EF0-A976-B344AB22FE41}.Debug|Any CPU.Build.0 = Debug|Any CPU
		{E03EBA0B-00A6-4EF0-A976-B344AB22FE41}.Debug|x64.ActiveCfg = Debug|x64
		{E03EBA0B-00A6-4EF0-A976-B344AB22FE41}.Debug|x64.Build.0 = Debug|x64
		{E03EBA0B-00A6-4EF0-A976-B344AB22FE41}.Release|Any CPU.ActiveCfg = Release|Any CPU
		{E03EBA0B-00A6-4EF0-A976-B344AB22FE41}.Release|Any CPU.Build.0 = Release|Any CPU
		{E03EBA0B-00A6-4EF0-A976-B344AB22FE41}.Release|x64.ActiveCfg = Release|x64
		{E03EBA0B-00A6-4EF0-A976-B344AB22FE41}.Release|x64.Build.0 = Release|x64
		{C2CDF473-BFC2-4C84-94A1-141D60041BCA}.Debug|Any CPU.ActiveCfg = Debug|Any CPU
		{C2CDF473-BFC2-4C84-94A1-141D60041BCA}.Debug|Any CPU.Build.0 = Debug|Any CPU
		{C2CDF473-BFC2-4C84-94A1-141D60041BCA}.Debug|x64.ActiveCfg = Debug|x64
		{C2CDF473-BFC2-4C84-94A1-141D60041BCA}.Debug|x64.Build.0 = Debug|x64
		{C2CDF473-BFC2-4C84-94A1-141D60041BCA}.Release|Any CPU.ActiveCfg = Release|Any CPU
		{C2CDF473-BFC2-4C84-94A1-141D60041BCA}.Release|Any CPU.Build.0 = Release|Any CPU
		{C2CDF473-BFC2-4C84-94A1-141D60041BCA}.Release|x64.ActiveCfg = Release|x64
		{C2CDF473-BFC2-4C84-94A1-141D60041BCA}.Release|x64.Build.0 = Release|x64
		{1A1630AC-4ACD-40F0-8714-EC45D1734EC9}.Debug|Any CPU.ActiveCfg = Debug|Any CPU
		{1A1630AC-4ACD-40F0-8714-EC45D1734EC9}.Debug|Any CPU.Build.0 = Debug|Any CPU
		{1A1630AC-4ACD-40F0-8714-EC45D1734EC9}.Debug|x64.ActiveCfg = Debug|Any CPU
		{1A1630AC-4ACD-40F0-8714-EC45D1734EC9}.Debug|x64.Build.0 = Debug|Any CPU
		{1A1630AC-4ACD-40F0-8714-EC45D1734EC9}.Release|Any CPU.ActiveCfg = Release|Any CPU
		{1A1630AC-4ACD-40F0-8714-EC45D1734EC9}.Release|Any CPU.Build.0 = Release|Any CPU
		{1A1630AC-4ACD-40F0-8714-EC45D1734EC9}.Release|x64.ActiveCfg = Release|Any CPU
		{1A1630AC-4ACD-40F0-8714-EC45D1734EC9}.Release|x64.Build.0 = Release|Any CPU
		{9E477D2F-2334-4689-B841-031B2A782E8B}.Debug|Any CPU.ActiveCfg = Debug|Any CPU
		{9E477D2F-2334-4689-B841-031B2A782E8B}.Debug|Any CPU.Build.0 = Debug|Any CPU
		{9E477D2F-2334-4689-B841-031B2A782E8B}.Debug|x64.ActiveCfg = Debug|x64
		{9E477D2F-2334-4689-B841-031B2A782E8B}.Debug|x64.Build.0 = Debug|x64
		{9E477D2F-2334-4689-B841-031B2A782E8B}.Release|Any CPU.ActiveCfg = Release|Any CPU
		{9E477D2F-2334-4689-B841-031B2A782E8B}.Release|Any CPU.Build.0 = Release|Any CPU
		{9E477D2F-2334-4689-B841-031B2A782E8B}.Release|x64.ActiveCfg = Release|x64
		{9E477D2F-2334-4689-B841-031B2A782E8B}.Release|x64.Build.0 = Release|x64
		{F4E9498D-ED1B-4CF4-9AA7-BD74307421BC}.Debug|Any CPU.ActiveCfg = Debug|Any CPU
		{F4E9498D-ED1B-4CF4-9AA7-BD74307421BC}.Debug|Any CPU.Build.0 = Debug|Any CPU
		{F4E9498D-ED1B-4CF4-9AA7-BD74307421BC}.Debug|x64.ActiveCfg = Debug|Any CPU
		{F4E9498D-ED1B-4CF4-9AA7-BD74307421BC}.Debug|x64.Build.0 = Debug|Any CPU
		{F4E9498D-ED1B-4CF4-9AA7-BD74307421BC}.Release|Any CPU.ActiveCfg = Release|Any CPU
		{F4E9498D-ED1B-4CF4-9AA7-BD74307421BC}.Release|Any CPU.Build.0 = Release|Any CPU
		{F4E9498D-ED1B-4CF4-9AA7-BD74307421BC}.Release|x64.ActiveCfg = Release|Any CPU
		{F4E9498D-ED1B-4CF4-9AA7-BD74307421BC}.Release|x64.Build.0 = Release|Any CPU
		{0C5F8D48-0C51-42D8-BBB2-EBFC43EB6350}.Debug|Any CPU.ActiveCfg = Debug|Any CPU
		{0C5F8D48-0C51-42D8-BBB2-EBFC43EB6350}.Debug|Any CPU.Build.0 = Debug|Any CPU
		{0C5F8D48-0C51-42D8-BBB2-EBFC43EB6350}.Debug|x64.ActiveCfg = Debug|Any CPU
		{0C5F8D48-0C51-42D8-BBB2-EBFC43EB6350}.Debug|x64.Build.0 = Debug|Any CPU
		{0C5F8D48-0C51-42D8-BBB2-EBFC43EB6350}.Release|Any CPU.ActiveCfg = Release|Any CPU
		{0C5F8D48-0C51-42D8-BBB2-EBFC43EB6350}.Release|Any CPU.Build.0 = Release|Any CPU
		{0C5F8D48-0C51-42D8-BBB2-EBFC43EB6350}.Release|x64.ActiveCfg = Release|Any CPU
		{0C5F8D48-0C51-42D8-BBB2-EBFC43EB6350}.Release|x64.Build.0 = Release|Any CPU
	EndGlobalSection
	GlobalSection(SolutionProperties) = preSolution
		HideSolutionNode = FALSE
	EndGlobalSection
	GlobalSection(NestedProjects) = preSolution
		{DF6B3354-D865-4AD5-B9C5-3643AEF28E4F} = {D0E81EA4-41C8-4954-9AD2-3F46C0D8E83D}
		{526E5744-0290-4DC1-99DE-70AEB49D2190} = {D0E81EA4-41C8-4954-9AD2-3F46C0D8E83D}
		{0291B1FB-0193-4A61-97C4-486579CA90A3} = {D0E81EA4-41C8-4954-9AD2-3F46C0D8E83D}
	EndGlobalSection
	GlobalSection(ExtensibilityGlobals) = postSolution
		SolutionGuid = {A6AB6DAA-D5BA-41FB-B721-4E4EFE83E736}
	EndGlobalSection
EndGlobal
